{
  "name": "cjs-repro",
  "version": "1.0.0",
  "lockfileVersion": 2,
  "requires": true,
  "packages": {
    "": {
      "name": "cjs-repro",
      "version": "1.0.0",
      "license": "ISC",
      "dependencies": {
        "@bufbuild/protobuf": "0.0.4"
      }
    },
    "node_modules/@bufbuild/protobuf": {
      "version": "0.0.4",
      "resolved": "https://registry.npmjs.org/@bufbuild/protobuf/-/protobuf-0.0.4.tgz",
      "integrity": "sha512-TTZ0fWy4T6SloTTgWXCBfQZ5B9QcUZqSoBj6xE/DsjxUImp9nzlqQpTsBxQJ8FZ2NABuaYOER+mjWIRpEZqjpQ=="
    }
  },
  "dependencies": {
    "@bufbuild/protobuf": {
      "version": "0.0.4",
      "resolved": "https://registry.npmjs.org/@bufbuild/protobuf/-/protobuf-0.0.4.tgz",
      "integrity": "sha512-TTZ0fWy4T6SloTTgWXCBfQZ5B9QcUZqSoBj6xE/DsjxUImp9nzlqQpTsBxQJ8FZ2NABuaYOER+mjWIRpEZqjpQ=="
    }
  }
}
